{
  "name": "coursera-angularjs",
  "version": "1.0.0",
  "lockfileVersion": 1,
  "requires": true,
  "dependencies": {
    "Angular1": {
      "version": "0.1.16",
      "resolved": "https://registry.npmjs.org/Angular1/-/Angular1-0.1.16.tgz",
      "integrity": "sha1-x0yvu+uyOfWKvA9RyNrAo3R0zIo="
    },
    "acorn": {
      "version": "2.7.0",
      "resolved": "https://registry.npmjs.org/acorn/-/acorn-2.7.0.tgz",
      "integrity": "sha1-q259nYhqrKiwhbwzEreaGYQz8Oc="
    },
    "glob": {
      "version": "3.2.11",
      "resolved": "https://registry.npmjs.org/glob/-/glob-3.2.11.tgz",
      "integrity": "sha1-Spc/Y1uRkPcV0QmH1cAP0oFevj0=",
      "requires": {
        "inherits": "2",
        "minimatch": "0.3"
      },
      "dependencies": {
        "minimatch": {
          "version": "0.3.0",
          "resolved": "https://registry.npmjs.org/minimatch/-/minimatch-0.3.0.tgz",
          "integrity": "sha1-J12O2qxPG7MyZHIInnlJyDlGmd0=",
          "requires": {
            "lru-cache": "2",
            "sigmund": "~1.0.0"
          }
        }
      }
    },
    "inherits": {
      "version": "2.0.3",
      "resolved": "https://registry.npmjs.org/inherits/-/inherits-2.0.3.tgz",
      "integrity": "sha1-Yzwsg+PaQqUC9SRmAiSA9CCCYd4="
    },
    "lru-cache": {
      "version": "2.7.3",
      "resolved": "https://registry.npmjs.org/lru-cache/-/lru-cache-2.7.3.tgz",
      "integrity": "sha1-bUUk6LlV+V1PW1iFHOId1y+06VI="
    },
    "minimatch": {
      "version": "0.2.14",
      "resolved": "https://registry.npmjs.org/minimatch/-/minimatch-0.2.14.tgz",
      "integrity": "sha1-x054BXT2PG+aCQ6Q775u9TpqdWo=",
      "requires": {
        "lru-cache": "2",
        "sigmund": "~1.0.0"
      }
    },
    "sigmund": {
      "version": "1.0.1",
      "resolved": "https://registry.npmjs.org/sigmund/-/sigmund-1.0.1.tgz",
      "integrity": "sha1-P/IfGYytIXX587eBhT/ZTQ0ZtZA="
    },
    "tern": {
      "version": "0.15.0",
      "resolved": "https://registry.npmjs.org/tern/-/tern-0.15.0.tgz",
      "integrity": "sha1-aCdiOEwJsRBUWrkQHhl3/yjvfBU=",
      "requires": {
        "acorn": "^2.3.0",
        "glob": "3",
        "minimatch": "0.2",
        "typescript": "=1.0.1"
      }
    },
    "tern-angular1": {
      "version": "file:../tern-angular1",
      "requires": {
        "acorn": "^2.6.4",
        "glob": "3",
        "tern": "^0.16.0",
        "tern-lint": "^0.6.0",
        "tern-push": "^0.1.0"
      },
      "dependencies": {
        "acorn": {
          "version": "2.7.0",
          "bundled": true
        },
        "bindings": {
          "version": "1.2.1",
          "bundled": true,
          "optional": true
        },
        "bufferutil": {
          "version": "1.2.1",
          "bundled": true,
          "optional": true,
          "requires": {
            "bindings": "1.2.x",
            "nan": "^2.0.5"
          }
        },
        "glob": {
          "version": "3.2.11",
          "bundled": true,
          "requires": {
            "inherits": "2",
            "minimatch": "0.3"
          }
        },
        "inherits": {
          "version": "2.0.3",
          "bundled": true
        },
        "lru-cache": {
          "version": "2.7.3",
          "bundled": true
        },
        "minimatch": {
          "version": "0.3.0",
          "bundled": true,
          "requires": {
            "lru-cache": "2",
            "sigmund": "~1.0.0"
          }
        },
        "nan": {
          "version": "2.13.2",
          "bundled": true,
          "optional": true
        },
        "options": {
          "version": "0.0.6",
          "bundled": true
        },
        "sigmund": {
          "version": "1.0.1",
          "bundled": true
        },
        "tern": {
          "version": "0.16.0",
          "bundled": true,
          "requires": {
            "acorn": "^2.5.2",
            "glob": "3",
            "minimatch": "0.2",
            "typescript": "=1.0.1"
          },
          "dependencies": {
            "minimatch": {
              "version": "0.2.14",
              "bundled": true,
              "requires": {
                "lru-cache": "2",
                "sigmund": "~1.0.0"
              }
            }
          }
        },
        "tern-lint": {
          "version": "0.6.0",
          "bundled": true,
          "requires": {
            "acorn": "^2.6.4",
            "glob": "3",
            "minimatch": "0.2",
            "tern": "^0.16.0"
          },
          "dependencies": {
            "minimatch": {
              "version": "0.2.14",
              "bundled": true,
              "requires": {
                "lru-cache": "2",
                "sigmund": "~1.0.0"
              }
            }
          }
        },
        "tern-push": {
          "version": "0.1.0",
          "bundled": true,
          "requires": {
            "tern": "^0.16.0",
            "ws": "^0.8.0"
          }
        },
        "typescript": {
          "version": "1.0.1",
          "bundled": true
        },
        "ultron": {
          "version": "1.0.2",
          "bundled": true
        },
        "utf-8-validate": {
          "version": "1.2.2",
          "bundled": true,
          "optional": true,
          "requires": {
            "bindings": "~1.2.1",
            "nan": "~2.4.0"
          },
          "dependencies": {
            "nan": {
              "version": "2.4.0",
              "bundled": true,
              "optional": true
            }
          }
        },
        "ws": {
          "version": "0.8.1",
          "bundled": true,
          "requires": {
            "bufferutil": "1.2.x",
            "options": ">=0.0.5",
            "ultron": "1.0.x",
            "utf-8-validate": "1.2.x"
          }
        }
      }
    },
    "tern-guess-types": {
      "version": "0.10.0",
      "resolved": "https://registry.npmjs.org/tern-guess-types/-/tern-guess-types-0.10.0.tgz",
      "integrity": "sha1-YUrPl0vRuGyiu2CsbUvcT3JLqys=",
      "requires": {
        "acorn": "^2.4.0",
        "tern": "^0.15.0"
      }
    },
    "tern-outline": {
      "version": "0.2.0",
      "resolved": "https://registry.npmjs.org/tern-outline/-/tern-outline-0.2.0.tgz",
      "integrity": "sha1-dN9ztvAZug6xzhiOvzbuouWAofQ=",
      "requires": {
        "acorn": "^2.6.4",
        "tern": "^0.16.0"
      },
      "dependencies": {
        "tern": {
          "version": "0.16.0",
          "resolved": "https://registry.npmjs.org/tern/-/tern-0.16.0.tgz",
          "integrity": "sha1-xpW0CSpyS5XQm3XP+1B4CHZFKhY=",
          "requires": {
            "acorn": "^2.5.2",
            "glob": "3",
            "minimatch": "0.2",
            "typescript": "=1.0.1"
          }
        }
      }
    },
    "typescript": {
      "version": "1.0.1",
      "resolved": "https://registry.npmjs.org/typescript/-/typescript-1.0.1.tgz",
      "integrity": "sha1-6OrN4whKCR0/4ptgrFhiJSZiolo="
    }
  }
}
